
Microsoft Visual Studio Solution File, Format Version 12.00
# Visual Studio Version 16
VisualStudioVersion = 16.0.29521.150
MinimumVisualStudioVersion = 10.0.40219.1
Project("{D954291E-2A0B-460D-934E-DC6B0785DB48}") = "BCK", "BCK.shproj", "{EDFF2DF3-B0B3-4610-8B1E-337C5EA78FB3}"
EndProject
Global
	GlobalSection(SharedMSBuildProjectFiles) = preSolution
		BCK.projitems*{edff2df3-b0b3-4610-8b1e-337c5ea78fb3}*SharedItemsImports = 13
	EndGlobalSection
	GlobalSection(SolutionProperties) = preSolution
		HideSolutionNode = FALSE
	EndGlobalSection
	GlobalSection(ExtensibilityGlobals) = postSolution
		SolutionGuid = {C8857E81-0125-4197-848B-4ECA0604B188}
	EndGlobalSection
EndGlobal
